// !$*UTF8*$!
{
	archiveVersion = 1;
	classes = {
	};
	objectVersion = 46;
	objects = {

/* Begin PBXBuildFile section */
		12A879291DAA4DC100E7423B /* AppDelegate.swift in Sources */ = {isa = PBXBuildFile; fileRef = 12A879281DAA4DC100E7423B /* AppDelegate.swift */; };
		12A8792B1DAA4DC100E7423B /* ChecklistItemViewController.swift in Sources */ = {isa = PBXBuildFile; fileRef = 12A8792A1DAA4DC100E7423B /* ChecklistItemViewController.swift */; };
		12A8792E1DAA4DC100E7423B /* Main.storyboard in Resources */ = {isa = PBXBuildFile; fileRef = 12A8792C1DAA4DC100E7423B /* Main.storyboard */; };
		12A879301DAA4DC100E7423B /* Assets.xcassets in Resources */ = {isa = PBXBuildFile; fileRef = 12A8792F1DAA4DC100E7423B /* Assets.xcassets */; };
		12A879331DAA4DC100E7423B /* LaunchScreen.storyboard in Resources */ = {isa = PBXBuildFile; fileRef = 12A879311DAA4DC100E7423B /* LaunchScreen.storyboard */; };
		12A8793C1DAA525B00E7423B /* ChecklistItem.swift in Sources */ = {isa = PBXBuildFile; fileRef = 12A8793B1DAA525B00E7423B /* ChecklistItem.swift */; };
/* End PBXBuildFile section */

/* Begin PBXFileReference section */
		12A879251DAA4DC100E7423B /* Checklist.app */ = {isa = PBXFileReference; explicitFileType = wrapper.application; includeInIndex = 0; path = Checklist.app; sourceTree = BUILT_PRODUCTS_DIR; };
		12A879281DAA4DC100E7423B /* AppDelegate.swift */ = {isa = PBXFileReference; lastKnownFileType = sourcecode.swift; path = AppDelegate.swift; sourceTree = "<group>"; };
		12A8792A1DAA4DC100E7423B /* ChecklistItemViewController.swift */ = {isa = PBXFileReference; lastKnownFileType = sourcecode.swift; path = ChecklistItemViewController.swift; sourceTree = "<group>"; };
		12A8792D1DAA4DC100E7423B /* Base */ = {isa = PBXFileReference; lastKnownFileType = file.storyboard; name = Base; path = Base.lproj/Main.storyboard; sourceTree = "<group>"; };
		12A8792F1DAA4DC100E7423B /* Assets.xcassets */ = {isa = PBXFileReference; lastKnownFileType = folder.assetcatalog; path = Assets.xcassets; sourceTree = "<group>"; };
		12A879321DAA4DC100E7423B /* Base */ = {isa = PBXFileReference; lastKnownFileType = file.storyboard; name = Base; path = Base.lproj/LaunchScreen.storyboard; sourceTree = "<group>"; };
		12A879341DAA4DC100E7423B /* Info.plist */ = {isa = PBXFileReference; lastKnownFileType = text.plist.xml; path = Info.plist; sourceTree = "<group>"; };
		12A8793B1DAA525B00E7423B /* ChecklistItem.swift */ = {isa = PBXFileReference; fileEncoding = 4; lastKnownFileType = sourcecode.swift; path = ChecklistItem.swift; sourceTree = "<group>"; };
/* End PBXFileReference section */

/* Begin PBXFrameworksBuildPhase section */
		12A879221DAA4DC100E7423B /* Frameworks */ = {
			isa = PBXFrameworksBuildPhase;
			buildActionMask = 2147483647;
			files = (
			);
			runOnlyForDeploymentPostprocessing = 0;
		};
/* End PBXFrameworksBuildPhase section */

/* Begin PBXGroup section */
		12A8791C1DAA4DC100E7423B = {
			isa = PBXGroup;
			children = (
				12A879271DAA4DC100E7423B /* Checklist */,
				12A879261DAA4DC100E7423B /* Products */,
			);
			sourceTree = "<group>";
		};
		12A879261DAA4DC100E7423B /* Products */ = {
			isa = PBXGroup;
			children = (
				12A879251DAA4DC100E7423B /* Checklist.app */,
			);
			name = Products;
			sourceTree = "<group>";
		};
		12A879271DAA4DC100E7423B /* Checklist */ = {
			isa = PBXGroup;
			children = (
				12A879281DAA4DC100E7423B /* AppDelegate.swift */,
				12A8792A1DAA4DC100E7423B /* ChecklistItemViewController.swift */,
				12A8792C1DAA4DC100E7423B /* Main.storyboard */,
				12A8793A1DAA523F00E7423B /* Model */,
				12A8792F1DAA4DC100E7423B /* Assets.xcassets */,
				12A879311DAA4DC100E7423B /* LaunchScreen.storyboard */,
				12A879341DAA4DC100E7423B /* Info.plist */,
			);
			path = Checklist;
			sourceTree = "<group>";
		};
		12A8793A1DAA523F00E7423B /* Model */ = {
			isa = PBXGroup;
			children = (
				12A8793B1DAA525B00E7423B /* ChecklistItem.swift */,
			);
			name = Model;
			sourceTree = "<group>";
		};
/* End PBXGroup section */

/* Begin PBXNativeTarget section */
		12A879241DAA4DC100E7423B /* Checklist */ = {
			isa = PBXNativeTarget;
			buildConfigurationList = 12A879371DAA4DC100E7423B /* Build configuration list for PBXNativeTarget "Checklist" */;
			buildPhases = (
				12A879211DAA4DC100E7423B /* Sources */,
				12A879221DAA4DC100E7423B /* Frameworks */,
				12A879231DAA4DC100E7423B /* Resources */,
			);
			buildRules = (
			);
			dependencies = (
			);
			name = Checklist;
			productName = Checklist;
			productReference = 12A879251DAA4DC100E7423B /* Checklist.app */;
			productType = "com.apple.product-type.application";
		};
/* End PBXNativeTarget section */

/* Begin PBXProject section */
		12A8791D1DAA4DC100E7423B /* Project object */ = {
			isa = PBXProject;
			attributes = {
				LastSwiftUpdateCheck = 0800;
				LastUpgradeCheck = 0800;
				ORGANIZATIONNAME = "Team Delmarz";
				TargetAttributes = {
					12A879241DAA4DC100E7423B = {
						CreatedOnToolsVersion = 8.0;
						ProvisioningStyle = Automatic;
					};
				};
			};
			buildConfigurationList = 12A879201DAA4DC100E7423B /* Build configuration list for PBXProject "Checklist" */;
			compatibilityVersion = "Xcode 3.2";
			developmentRegion = English;
			hasScannedForEncodings = 0;
			knownRegions = (
				en,
				Base,
			);
			mainGroup = 12A8791C1DAA4DC100E7423B;
			productRefGroup = 12A879261DAA4DC100E7423B /* Products */;
			projectDirPath = "";
			projectRoot = "";
			targets = (
				12A879241DAA4DC100E7423B /* Checklist */,
			);
		};
/* End PBXProject section */

/* Begin PBXResourcesBuildPhase section */
		12A879231DAA4DC100E7423B /* Resources */ = {
			isa = PBXResourcesBuildPhase;
			buildActionMask = 2147483647;
			files = (
				12A879331DAA4DC100E7423B /* LaunchScreen.storyboard in Resources */,
				12A879301DAA4DC100E7423B /* Assets.xcassets in Resources */,
				12A8792E1DAA4DC100E7423B /* Main.storyboard in Resources */,
			);
			runOnlyForDeploymentPostprocessing = 0;
		};
/* End PBXResourcesBuildPhase section */

/* Begin PBXSourcesBuildPhase section */
		12A879211DAA4DC100E7423B /* Sources */ = {
			isa = PBXSourcesBuildPhase;
			buildActionMask = 2147483647;
			files = (
				12A8792B1DAA4DC100E7423B /* ChecklistItemViewController.swift in Sources */,
				12A8793C1DAA525B00E7423B /* ChecklistItem.swift in Sources */,
				12A879291DAA4DC100E7423B /* AppDelegate.swift in Sources */,
			);
			runOnlyForDeploymentPostprocessing = 0;
		};
/* End PBXSourcesBuildPhase section */

/* Begin PBXVariantGroup section */
		12A8792C1DAA4DC100E7423B /* Main.storyboard */ = {
			isa = PBXVariantGroup;
			children = (
				12A8792D1DAA4DC100E7423B /* Base */,
			);
			name = Main.storyboard;
			sourceTree = "<group>";
		};
		12A879311DAA4DC100E7423B /* LaunchScreen.storyboard */ = {
			isa = PBXVariantGroup;
			children = (
				12A879321DAA4DC100E7423B /* Base */,
			);
			name = LaunchScreen.storyboard;
			sourceTree = "<group>";
		};
/* End PBXVariantGroup section */

/* Begin XCBuildConfiguration section */
		12A879351DAA4DC100E7423B /* Debug */ = {
			isa = XCBuildConfiguration;
			buildSettings = {
				ALWAYS_SEARCH_USER_PATHS = NO;
				CLANG_ANALYZER_NONNULL = YES;
				CLANG_CXX_LANGUAGE_STANDARD = "gnu++0x";
				CLANG_CXX_LIBRARY = "libc++";
				CLANG_ENABLE_MODULES = YES;
				CLANG_ENABLE_OBJC_ARC = YES;
				CLANG_WARN_BOOL_CONVERSION = YES;
				CLANG_WARN_CONSTANT_CONVERSION = YES;
				CLANG_WARN_DIRECT_OBJC_ISA_USAGE = YES_ERROR;
				CLANG_WARN_DOCUMENTATION_COMMENTS = YES;
				CLANG_WARN_EMPTY_BODY = YES;
				CLANG_WARN_ENUM_CONVERSION = YES;
				CLANG_WARN_INFINITE_RECURSION = YES;
				CLANG_WARN_INT_CONVERSION = YES;
				CLANG_WARN_OBJC_ROOT_CLASS = YES_ERROR;
				CLANG_WARN_SUSPICIOUS_MOVES = YES;
				CLANG_WARN_UNREACHABLE_CODE = YES;
				CLANG_WARN__DUPLICATE_METHOD_MATCH = YES;
				"CODE_SIGN_IDENTITY[sdk=iphoneos*]" = "iPhone Developer";
				COPY_PHASE_STRIP = NO;
				DEBUG_INFORMATION_FORMAT = dwarf;
				ENABLE_STRICT_OBJC_MSGSEND = YES;
				ENABLE_TESTABILITY = YES;
				GCC_C_LANGUAGE_STANDARD = gnu99;
				GCC_DYNAMIC_NO_PIC = NO;
				GCC_NO_COMMON_BLOCKS = YES;
				GCC_OPTIMIZATION_LEVEL = 0;
				GCC_PREPROCESSOR_DEFINITIONS = (
					"DEBUG=1",
					"$(inherited)",
				);
				GCC_WARN_64_TO_32_BIT_CONVERSION = YES;
				GCC_WARN_ABOUT_RETURN_TYPE = YES_ERROR;
				GCC_WARN_UNDECLARED_SELECTOR = YES;
				GCC_WARN_UNINITIALIZED_AUTOS = YES_AGGRESSIVE;
				GCC_WARN_UNUSED_FUNCTION = YES;
				GCC_WARN_UNUSED_VARIABLE = YES;
				IPHONEOS_DEPLOYMENT_TARGET = 10.0;
				MTL_ENABLE_DEBUG_INFO = YES;
				ONLY_ACTIVE_ARCH = YES;
				SDKROOT = iphoneos;
				SWIFT_ACTIVE_COMPILATION_CONDITIONS = DEBUG;
				SWIFT_OPTIMIZATION_LEVEL = "-Onone";
				TARGETED_DEVICE_FAMILY = "1,2";
			};
			name = Debug;
		};
		12A879361DAA4DC100E7423B /* Release */ = {
			isa = XCBuildConfiguration;
			buildSettings = {
				ALWAYS_SEARCH_USER_PATHS = NO;
				CLANG_ANALYZER_NONNULL = YES;
				CLANG_CXX_LANGUAGE_STANDARD = "gnu++0x";
				CLANG_CXX_LIBRARY = "libc++";
				CLANG_ENABLE_MODULES = YES;
				CLANG_ENABLE_OBJC_ARC = YES;
				CLANG_WARN_BOOL_CONVERSION = YES;
				CLANG_WARN_CONSTANT_CONVERSION = YES;
				CLANG_WARN_DIRECT_OBJC_ISA_USAGE = YES_ERROR;
				CLANG_WARN_DOCUMENTATION_COMMENTS = YES;
				CLANG_WARN_EMPTY_BODY = YES;
				CLANG_WARN_ENUM_CONVERSION = YES;
				CLANG_WARN_INFINITE_RECURSION = YES;
				CLANG_WARN_INT_CONVERSION = YES;
				CLANG_WARN_OBJC_ROOT_CLASS = YES_ERROR;
				CLANG_WARN_SUSPICIOUS_MOVES = YES;
				CLANG_WARN_UNREACHABLE_CODE = YES;
				CLANG_WARN__DUPLICATE_METHOD_MATCH = YES;
				"CODE_SIGN_IDENTITY[sdk=iphoneos*]" = "iPhone Developer";
				COPY_PHASE_STRIP = NO;
				DEBUG_INFORMATION_FORMAT = "dwarf-with-dsym";
				ENABLE_NS_ASSERTIONS = NO;
				ENABLE_STRICT_OBJC_MSGSEND = YES;
				GCC_C_LANGUAGE_STANDARD = gnu99;
				GCC_NO_COMMON_BLOCKS = YES;
				GCC_WARN_64_TO_32_BIT_CONVERSION = YES;
				GCC_WARN_ABOUT_RETURN_TYPE = YES_ERROR;
				GCC_WARN_UNDECLARED_SELECTOR = YES;
				GCC_WARN_UNINITIALIZED_AUTOS = YES_AGGRESSIVE;
				GCC_WARN_UNUSED_FUNCTION = YES;
				GCC_WARN_UNUSED_VARIABLE = YES;
				IPHONEOS_DEPLOYMENT_TARGET = 10.0;
				MTL_ENABLE_DEBUG_INFO = NO;
				SDKROOT = iphoneos;
				SWIFT_OPTIMIZATION_LEVEL = "-Owholemodule";
				TARGETED_DEVICE_FAMILY = "1,2";
				VALIDATE_PRODUCT = YES;
			};
			name = Release;
		};
		12A879381DAA4DC100E7423B /* Debug */ = {
			isa = XCBuildConfiguration;
			buildSettings = {
				ASSETCATALOG_COMPILER_APPICON_NAME = AppIcon;
				INFOPLIST_FILE = Checklist/Info.plist;
				LD_RUNPATH_SEARCH_PATHS = "$(inherited) @executable_path/Frameworks";
				PRODUCT_BUNDLE_IDENTIFIER = com.delmarz.Checklist;
				PRODUCT_NAME = "$(TARGET_NAME)";
				SWIFT_VERSION = 3.0;
			};
			name = Debug;
		};
		12A879391DAA4DC100E7423B /* Release */ = {
			isa = XCBuildConfiguration;
			buildSettings = {
				ASSETCATALOG_COMPILER_APPICON_NAME = AppIcon;
				INFOPLIST_FILE = Checklist/Info.plist;
				LD_RUNPATH_SEARCH_PATHS = "$(inherited) @executable_path/Frameworks";
				PRODUCT_BUNDLE_IDENTIFIER = com.delmarz.Checklist;
				PRODUCT_NAME = "$(TARGET_NAME)";
				SWIFT_VERSION = 3.0;
			};
			name = Release;
		};
/* End XCBuildConfiguration section */

/* Begin XCConfigurationList section */
		12A879201DAA4DC100E7423B /* Build configuration list for PBXProject "Checklist" */ = {
			isa = XCConfigurationList;
			buildConfigurations = (
				12A879351DAA4DC100E7423B /* Debug */,
				12A879361DAA4DC100E7423B /* Release */,
			);
			defaultConfigurationIsVisible = 0;
			defaultConfigurationName = Release;
		};
		12A879371DAA4DC100E7423B /* Build configuration list for PBXNativeTarget "Checklist" */ = {
			isa = XCConfigurationList;
			buildConfigurations = (
				12A879381DAA4DC100E7423B /* Debug */,
				12A879391DAA4DC100E7423B /* Release */,
			);
			defaultConfigurationIsVisible = 0;
		};
/* End XCConfigurationList section */
	};
	rootObject = 12A8791D1DAA4DC100E7423B /* Project object */;
}
